{
  "name": "swagger-editor",
  "version": "2.10.5",
  "lockfileVersion": 1,
  "requires": true,
  "dependencies": {
    "angular": {
      "version": "1.6.4",
      "resolved": "https://registry.npmjs.org/angular/-/angular-1.6.4.tgz",
      "integrity": "sha1-A7exXAGggC1+LPWTJA5gQFTcd/s=",
      "dev": true
    },
    "angular-cookies": {
      "version": "1.6.4",
      "resolved": "https://registry.npmjs.org/angular-cookies/-/angular-cookies-1.6.4.tgz",
      "integrity": "sha1-wo8/aqx6mCbB5F8daAckADblsm0=",
      "dev": true
    },
    "angular-json-schema-form": {
      "version": "0.1.4",
      "resolved": "https://registry.npmjs.org/angular-json-schema-form/-/angular-json-schema-form-0.1.4.tgz",
      "integrity": "sha1-Jfxmk2DDsMvS4W2ccbIesi4Hnic=",
      "dev": true
    },
    "angular-marked": {
      "version": "1.2.2",
      "resolved": "https://registry.npmjs.org/angular-marked/-/angular-marked-1.2.2.tgz",
      "integrity": "sha1-Ax+BAV2tX7Aa341IkixS/rNYjeU=",
      "dev": true
    },
    "angular-mocks": {
      "version": "1.6.4",
      "resolved": "https://registry.npmjs.org/angular-mocks/-/angular-mocks-1.6.4.tgz",
      "integrity": "sha1-R/31CSHPJPtInxAKjPKtmdBTj0A=",
      "dev": true
    },
    "angular-sanitize": {
      "version": "1.6.4",
      "resolved": "https://registry.npmjs.org/angular-sanitize/-/angular-sanitize-1.6.4.tgz",
      "integrity": "sha1-YKN+qW+w1KMio8y2TuSlzzsVTww=",
      "dev": true
    },
    "angular-ui-ace": {
      "version": "0.2.3",
      "resolved": "https://registry.npmjs.org/angular-ui-ace/-/angular-ui-ace-0.2.3.tgz",
      "integrity": "sha1-PLkDQoEAYho2f8f2QUQOl6QqJtA=",
      "dev": true
    },
    "angular-ui-bootstrap": {
      "version": "1.3.3",
      "resolved": "https://registry.npmjs.org/angular-ui-bootstrap/-/angular-ui-bootstrap-1.3.3.tgz",
      "integrity": "sha1-SCD4ldQzwXq+tKxzh/LxIsv4wRw=",
      "dev": true
    },
    "angular-ui-layout": {
      "version": "1.4.3",
      "resolved": "https://registry.npmjs.org/angular-ui-layout/-/angular-ui-layout-1.4.3.tgz",
      "integrity": "sha1-WHxrRwebu76iDm338YdEwpUFMzA=",
      "dev": true
    },
    "angular-ui-router": {
      "version": "0.3.2",
      "resolved": "https://registry.npmjs.org/angular-ui-router/-/angular-ui-router-0.3.2.tgz",
      "integrity": "sha1-wn4EljCcmSGNVlWYWxZKCWq1IKk=",
      "dev": true
    },
    "bootstrap": {
      "version": "3.3.7",
      "resolved": "https://registry.npmjs.org/bootstrap/-/bootstrap-3.3.7.tgz",
      "integrity": "sha1-WjiTlFSfIzMIdaOxUGVldPip63E=",
      "dev": true
    },
    "brace": {
      "version": "0.9.1",
      "resolved": "https://registry.npmjs.org/brace/-/brace-0.9.1.tgz",
      "integrity": "sha1-Gdy64vrsmpkgoEUuxk2NhN9F57Y=",
      "dev": true
    },
    "chai": {
      "version": "3.5.0",
      "resolved": "https://registry.npmjs.org/chai/-/chai-3.5.0.tgz",
      "integrity": "sha1-TQJjewZ/6Vi9v906QOxW/vc3Mkc=",
      "dev": true
    },
    "css-loader": {
      "version": "0.26.4",
      "resolved": "https://registry.npmjs.org/css-loader/-/css-loader-0.26.4.tgz",
      "integrity": "sha1-th6eMNuUMD5v/IkvEOzQmtAlof0=",
      "dev": true
    },
    "es6-promise": {
      "version": "4.1.1",
      "resolved": "https://registry.npmjs.org/es6-promise/-/es6-promise-4.1.1.tgz",
      "integrity": "sha512-OaU1hHjgJf+b0NzsxCg7NdIYERD6Hy/PEmFLTjw+b65scuisG3Kt4QoTvJ66BBkPZ581gr0kpoVzKnxniM8nng==",
      "dev": true
    },
    "es6-shim": {
      "version": "0.35.3",
      "resolved": "https://registry.npmjs.org/es6-shim/-/es6-shim-0.35.3.tgz",
      "integrity": "sha1-m/tzY/7//4emzbbNk+QF7DxLbyY=",
      "dev": true
    },
    "eslint": {
      "version": "2.13.1",
      "resolved": "https://registry.npmjs.org/eslint/-/eslint-2.13.1.tgz",
      "integrity": "sha1-5MyPoPAJ+4KaquI4VaKTYL4fbBE=",
      "dev": true
    },
    "eslint-config-google": {
      "version": "0.6.0",
      "resolved": "https://registry.npmjs.org/eslint-config-google/-/eslint-config-google-0.6.0.tgz",
      "integrity": "sha1-xULsGPsyR5g6wWu6MWYtAWJbdj8=",
      "dev": true
    },
    "eslint-friendly-formatter": {
      "version": "2.0.7",
      "resolved": "https://registry.npmjs.org/eslint-friendly-formatter/-/eslint-friendly-formatter-2.0.7.tgz",
      "integrity": "sha1-ZX+VoZr0mJY2r+uxzJ3mzrvQiO4=",
      "dev": true
    },
    "eslint-loader": {
      "version": "1.8.0",
      "resolved": "https://registry.npmjs.org/eslint-loader/-/eslint-loader-1.8.0.tgz",
      "integrity": "sha512-+d9me9y9t+/k1pY5hsorY685H3yYoQT0t5pZT1TGB7L46VOoLv8+3uKHvkjpUx1aCTjeacbj4yz4s5/LcGolpg==",
      "dev": true
    },
    "eslint-plugin-chai-expect": {
      "version": "1.1.1",
      "resolved": "https://registry.npmjs.org/eslint-plugin-chai-expect/-/eslint-plugin-chai-expect-1.1.1.tgz",
      "integrity": "sha1-zWQLizjPbDq8w3hnO3sXO5ndxwo=",
      "dev": true
    },
    "extract-text-webpack-plugin": {
      "version": "1.0.1",
      "resolved": "https://registry.npmjs.org/extract-text-webpack-plugin/-/extract-text-webpack-plugin-1.0.1.tgz",
      "integrity": "sha1-yVvzy6rEnclvHcbgclSfu2VMzSw=",
      "dev": true,
      "dependencies": {
        "loader-utils": {
          "version": "0.2.17",
          "resolved": "https://registry.npmjs.org/loader-utils/-/loader-utils-0.2.17.tgz",
          "integrity": "sha1-+G5jdNQyBabmxg6RlvF8Apm/s0g="
        }
      }
    },
    "file-loader": {
      "version": "0.9.0",
      "resolved": "https://registry.npmjs.org/file-loader/-/file-loader-0.9.0.tgz",
      "integrity": "sha1-HS2t3UJM5tGwfP4/eXMb7TYXq0I=",
      "dev": true,
      "dependencies": {
        "loader-utils": {
          "version": "0.2.17",
          "resolved": "https://registry.npmjs.org/loader-utils/-/loader-utils-0.2.17.tgz",
          "integrity": "sha1-+G5jdNQyBabmxg6RlvF8Apm/s0g="
        }
      }
    },
    "font-awesome": {
      "version": "4.7.0",
      "resolved": "https://registry.npmjs.org/font-awesome/-/font-awesome-4.7.0.tgz",
      "integrity": "sha1-j6jPBBGhoxr9B7BtKQK7n8gVoTM=",
      "dev": true
    },
    "font-awesome-webpack": {
      "version": "0.0.4",
      "resolved": "https://registry.npmjs.org/font-awesome-webpack/-/font-awesome-webpack-0.0.4.tgz",
      "integrity": "sha1-bXWEdGzGu8grRjTUkTnEe1bmEao=",
      "dev": true,
      "dependencies": {
        "balanced-match": {
          "version": "0.2.1",
          "resolved": "https://registry.npmjs.org/balanced-match/-/balanced-match-0.2.1.tgz",
          "integrity": "sha1-e8ZYtL7WHu5CStdPdfXD4sTfPMc="
        },
        "color": {
          "version": "0.10.1",
          "resolved": "https://registry.npmjs.org/color/-/color-0.10.1.tgz",
          "integrity": "sha1-wEGI34KiCd3rzOzazT7DIPGTc58="
        },
        "color-convert": {
          "version": "0.5.3",
          "resolved": "https://registry.npmjs.org/color-convert/-/color-convert-0.5.3.tgz",
          "integrity": "sha1-vbbGnOZg+t/+CwAHzER+G59ygr0="
        },
        "css-loader": {
          "version": "0.17.0",
          "resolved": "https://registry.npmjs.org/css-loader/-/css-loader-0.17.0.tgz",
          "integrity": "sha1-od3y34a6CPvSJ4G7Mzefw7CNpus="
        },
        "css-selector-tokenizer": {
          "version": "0.5.4",
          "resolved": "https://registry.npmjs.org/css-selector-tokenizer/-/css-selector-tokenizer-0.5.4.tgz",
          "integrity": "sha1-E5uv00o1/QwUKEhwSeBpnm9qLCE="
        },
        "cssnano": {
          "version": "2.6.1",
          "resolved": "https://registry.npmjs.org/cssnano/-/cssnano-2.6.1.tgz",
          "integrity": "sha1-f7NyEsz/RNPpNuAmxvZ14xR9gCQ="
        },
        "es6-promise": {
          "version": "2.3.0",
          "resolved": "https://registry.npmjs.org/es6-promise/-/es6-promise-2.3.0.tgz",
          "integrity": "sha1-lu258v2wGZWCKyY92KratnSBgbw="
        },
        "flatten": {
          "version": "0.0.1",
          "resolved": "https://registry.npmjs.org/flatten/-/flatten-0.0.1.tgz",
          "integrity": "sha1-VURAdm2goNYDmZ9DNFP2wvxqdcE="
        },
        "loader-utils": {
          "version": "0.2.17",
          "resolved": "https://registry.npmjs.org/loader-utils/-/loader-utils-0.2.17.tgz",
          "integrity": "sha1-+G5jdNQyBabmxg6RlvF8Apm/s0g="
        },
        "postcss": {
          "version": "4.1.16",
          "resolved": "https://registry.npmjs.org/postcss/-/postcss-4.1.16.tgz",
          "integrity": "sha1-TESbTIr53zyvbTf44eV10DYXWNw="
        },
        "postcss-calc": {
          "version": "4.1.0",
          "resolved": "https://registry.npmjs.org/postcss-calc/-/postcss-calc-4.1.0.tgz",
          "integrity": "sha1-vuf/ySjHmGmZ7vF7LdiXDIk31HI="
        },
        "postcss-colormin": {
          "version": "1.2.7",
          "resolved": "https://registry.npmjs.org/postcss-colormin/-/postcss-colormin-1.2.7.tgz",
          "integrity": "sha1-63Pb6DgE6pGYNWsTL2+Z9GAP1lQ="
        },
        "postcss-convert-values": {
          "version": "1.3.1",
          "resolved": "https://registry.npmjs.org/postcss-convert-values/-/postcss-convert-values-1.3.1.tgz",
          "integrity": "sha1-I/GHxhP6d7Y3p4BblIteCJlpDkY="
        },
        "postcss-discard-comments": {
          "version": "1.2.1",
          "resolved": "https://registry.npmjs.org/postcss-discard-comments/-/postcss-discard-comments-1.2.1.tgz",
          "integrity": "sha1-hR3Ka5NUwPtjFssaEEj29eOWCtA="
        },
        "postcss-discard-duplicates": {
          "version": "1.2.1",
          "resolved": "https://registry.npmjs.org/postcss-discard-duplicates/-/postcss-discard-duplicates-1.2.1.tgz",
          "integrity": "sha1-SbsztNNHcQWwDQSDlfc6KQK8miU="
        },
        "postcss-discard-empty": {
          "version": "1.1.2",
          "resolved": "https://registry.npmjs.org/postcss-discard-empty/-/postcss-discard-empty-1.1.2.tgz",
          "integrity": "sha1-KsVayPy4HCMEPmMQaTT9Y0cNXA0="
        },
        "postcss-discard-unused": {
          "version": "1.0.3",
          "resolved": "https://registry.npmjs.org/postcss-discard-unused/-/postcss-discard-unused-1.0.3.tgz",
          "integrity": "sha1-Xsy5v6xGXqa+VjQpepx3gczQmIY="
        },
        "postcss-filter-plugins": {
          "version": "1.0.1",
          "resolved": "https://registry.npmjs.org/postcss-filter-plugins/-/postcss-filter-plugins-1.0.1.tgz",
          "integrity": "sha1-J/gnnV76t6o8FwmIE5hrS50dUOI="
        },
        "postcss-merge-idents": {
          "version": "1.0.2",
          "resolved": "https://registry.npmjs.org/postcss-merge-idents/-/postcss-merge-idents-1.0.2.tgz",
          "integrity": "sha1-qToNrXj2UugjfZrew0LkHSwd01s="
        },
        "postcss-merge-longhand": {
          "version": "1.0.2",
          "resolved": "https://registry.npmjs.org/postcss-merge-longhand/-/postcss-merge-longhand-1.0.2.tgz",
          "integrity": "sha1-QxcgZfz4We4RztMUH1ZkFMZzBX4="
        },
        "postcss-merge-rules": {
          "version": "1.3.6",
          "resolved": "https://registry.npmjs.org/postcss-merge-rules/-/postcss-merge-rules-1.3.6.tgz",
          "integrity": "sha1-sUrRf31AEqMYut032r1ZuT8TUy8="
        },
        "postcss-minify-selectors": {
          "version": "1.5.0",
          "resolved": "https://registry.npmjs.org/postcss-minify-selectors/-/postcss-minify-selectors-1.5.0.tgz",
          "integrity": "sha1-5ZxWxtSVXaFXz30iv4Bptur1Jic="
        },
        "postcss-modules-extract-imports": {
          "version": "0.0.5",
          "resolved": "https://registry.npmjs.org/postcss-modules-extract-imports/-/postcss-modules-extract-imports-0.0.5.tgz",
          "integrity": "sha1-zMy0Cz3SmFmZOEodumDGLJYKbaA="
        },
        "postcss-modules-local-by-default": {
          "version": "0.0.12",
          "resolved": "https://registry.npmjs.org/postcss-modules-local-by-default/-/postcss-modules-local-by-default-0.0.12.tgz",
          "integrity": "sha1-qTQxpLHQt6QCHiOPwn1ejkSSgsI="
        },
        "postcss-modules-scope": {
          "version": "0.0.8",
          "resolved": "https://registry.npmjs.org/postcss-modules-scope/-/postcss-modules-scope-0.0.8.tgz",
          "integrity": "sha1-gck1+/KJJyOIyLoulqEcohugmgQ="
        },
        "postcss-normalize-url": {
          "version": "2.1.3",
          "resolved": "https://registry.npmjs.org/postcss-normalize-url/-/postcss-normalize-url-2.1.3.tgz",
          "integrity": "sha1-8StfShFDyV6gJfx/jgBQkFmPNgI="
        },
        "postcss-ordered-values": {
          "version": "1.1.1",
          "resolved": "https://registry.npmjs.org/postcss-ordered-values/-/postcss-ordered-values-1.1.1.tgz",
          "integrity": "sha1-nu1PrS55Kr/D0EAs93O6+G/ne4E="
        },
        "postcss-reduce-idents": {
          "version": "1.0.3",
          "resolved": "https://registry.npmjs.org/postcss-reduce-idents/-/postcss-reduce-idents-1.0.3.tgz",
          "integrity": "sha1-p58bJIXiPZs8x6gfXsY6XCvewg0="
        },
        "postcss-selector-parser": {
          "version": "1.3.3",
          "resolved": "https://registry.npmjs.org/postcss-selector-parser/-/postcss-selector-parser-1.3.3.tgz",
          "integrity": "sha1-0u4Z33pk+O8hwacchvfUg1yIwoE=",
          "dependencies": {
            "flatten": {
              "version": "1.0.2",
              "resolved": "https://registry.npmjs.org/flatten/-/flatten-1.0.2.tgz",
              "integrity": "sha1-2uRqnXj74lKSJYzB54CkHZXAN4I="
            }
          }
        },
        "postcss-unique-selectors": {
          "version": "1.0.1",
          "resolved": "https://registry.npmjs.org/postcss-unique-selectors/-/postcss-unique-selectors-1.0.1.tgz",
          "integrity": "sha1-SBfnTHtPmZzgTI5mRRoZaRT12zw="
        },
        "postcss-value-parser": {
          "version": "1.4.2",
          "resolved": "https://registry.npmjs.org/postcss-value-parser/-/postcss-value-parser-1.4.2.tgz",
          "integrity": "sha1-GGVjPhNwH4pyHng02tGFyxRKrQw="
        },
        "postcss-zindex": {
          "version": "1.1.3",
          "resolved": "https://registry.npmjs.org/postcss-zindex/-/postcss-zindex-1.1.3.tgz",
          "integrity": "sha1-SVZKtJ092hcGf42sHIM11/LQDOE="
        },
        "source-map": {
          "version": "0.4.4",
          "resolved": "https://registry.npmjs.org/source-map/-/source-map-0.4.4.tgz",
          "integrity": "sha1-66T12pwNyZneaAMti092FzZSA2s="
        },
        "style-loader": {
          "version": "0.12.4",
          "resolved": "https://registry.npmjs.org/style-loader/-/style-loader-0.12.4.tgz",
          "integrity": "sha1-rn0GZdxNxlPaov6Xu5CRS8HSLZs="
        },
        "uniqid": {
          "version": "1.0.0",
          "resolved": "https://registry.npmjs.org/uniqid/-/uniqid-1.0.0.tgz",
          "integrity": "sha1-JYJSTgdASESkLelPviv1SeG3RVU="
        }
      }
    },
    "html-loader": {
      "version": "0.4.5",
      "resolved": "https://registry.npmjs.org/html-loader/-/html-loader-0.4.5.tgz",
      "integrity": "sha1-X7zYfNY6XEmn/OL+VvQl4Fcpxow=",
      "dev": true
    },
    "http-server": {
      "version": "0.9.0",
      "resolved": "https://registry.npmjs.org/http-server/-/http-server-0.9.0.tgz",
      "integrity": "sha1-jxsGvcczYY1NxCgxx7oa/04GABo=",
      "dev": true,
      "dependencies": {
        "colors": {
          "version": "1.0.3",
          "resolved": "https://registry.npmjs.org/colors/-/colors-1.0.3.tgz",
          "integrity": "sha1-BDP0TYCWgP3rYO0mDxsMJi6CpAs="
        }
      }
    },
    "jasmine-core": {
      "version": "2.6.4",
      "resolved": "https://registry.npmjs.org/jasmine-core/-/jasmine-core-2.6.4.tgz",
      "integrity": "sha1-3skmzQqfoof7bbXHVfpIfnTOysU=",
      "dev": true
    },
    "jquery": {
      "version": "3.2.1",
      "resolved": "https://registry.npmjs.org/jquery/-/jquery-3.2.1.tgz",
      "integrity": "sha1-XE2d5lKvbNCncBVKYxu6ErAVx4c=",
      "dev": true
    },
    "js-yaml": {
      "version": "3.8.4",
      "resolved": "https://registry.npmjs.org/js-yaml/-/js-yaml-3.8.4.tgz",
      "integrity": "sha1-UgtFZPhlc7qWZir4Woyvp7S1pvY=",
      "dev": true,
      "dependencies": {
        "esprima": {
          "version": "3.1.3",
          "resolved": "https://registry.npmjs.org/esprima/-/esprima-3.1.3.tgz",
          "integrity": "sha1-/cpRzuYTOJXjyI1TXOSdv/YqRjM="
        }
      }
    },
    "json-editor": {
      "version": "0.7.28",
      "resolved": "https://registry.npmjs.org/json-editor/-/json-editor-0.7.28.tgz",
      "integrity": "sha1-KqWwmQorUHZ4kVjn3YotIQjOnMU=",
      "dev": true
    },
    "json-formatter-js": {
      "version": "1.3.0",
      "resolved": "https://registry.npmjs.org/json-formatter-js/-/json-formatter-js-1.3.0.tgz",
      "integrity": "sha1-pld6wDrnh21JKwlUvU7/M8OMvAk=",
      "dev": true
    },
    "json-loader": {
      "version": "0.5.4",
      "resolved": "https://registry.npmjs.org/json-loader/-/json-loader-0.5.4.tgz",
      "integrity": "sha1-i6oTZaYy9Yo8RtIBdfxgAsluN94=",
      "dev": true
    },
    "json-schema-view-js": {
      "version": "1.0.0",
      "resolved": "https://registry.npmjs.org/json-schema-view-js/-/json-schema-view-js-1.0.0.tgz",
      "integrity": "sha1-KOnwu2erbSbkCrLyCFPCYQKc/Y0=",
      "dev": true
    },
    "jsonformatter": {
      "version": "0.6.0",
      "resolved": "https://registry.npmjs.org/jsonformatter/-/jsonformatter-0.6.0.tgz",
      "integrity": "sha1-rQHWU4rr9327LFQxPIJX57QIzFM=",
      "dev": true
    },
    "jsonlint": {
      "version": "1.6.2",
      "resolved": "https://registry.npmjs.org/jsonlint/-/jsonlint-1.6.2.tgz",
      "integrity": "sha1-VzcEUIX1XrRVxosf9OvAG9UOiDA=",
      "dev": true
    },
    "karma": {
      "version": "1.7.0",
      "resolved": "https://registry.npmjs.org/karma/-/karma-1.7.0.tgz",
      "integrity": "sha1-b3oaQGRG+i4YfslTmGmPTO5HYmk=",
      "dev": true,
      "dependencies": {
        "lodash": {
          "version": "3.10.1",
          "resolved": "https://registry.npmjs.org/lodash/-/lodash-3.10.1.tgz",
          "integrity": "sha1-W/Rejkm6QYnhfUgnid/RW9FAt7Y="
        }
      }
    },
    "karma-chai-plugins": {
      "version": "0.8.0",
      "resolved": "https://registry.npmjs.org/karma-chai-plugins/-/karma-chai-plugins-0.8.0.tgz",
      "integrity": "sha1-4YN055tija27q6F37TSNEwh59o0=",
      "dev": true
    },
    "karma-chrome-launcher": {
      "version": "2.2.0",
      "resolved": "https://registry.npmjs.org/karma-chrome-launcher/-/karma-chrome-launcher-2.2.0.tgz",
      "integrity": "sha512-uf/ZVpAabDBPvdPdveyk1EPgbnloPvFFGgmRhYLTDH7gEB4nZdSBk8yTU47w1g/drLSx5uMOkjKk7IWKfWg/+w==",
      "dev": true
    },
    "karma-firefox-launcher": {
      "version": "1.0.1",
      "resolved": "https://registry.npmjs.org/karma-firefox-launcher/-/karma-firefox-launcher-1.0.1.tgz",
      "integrity": "sha1-zlj0fCATqIFW1VpdYTN8CZz1u1E=",
      "dev": true
    },
    "karma-jasmine": {
      "version": "1.1.0",
      "resolved": "https://registry.npmjs.org/karma-jasmine/-/karma-jasmine-1.1.0.tgz",
      "integrity": "sha1-IuTAa/mhguUpTR9wXjczgRuBCs8=",
      "dev": true
    },
    "karma-mocha": {
      "version": "1.3.0",
      "resolved": "https://registry.npmjs.org/karma-mocha/-/karma-mocha-1.3.0.tgz",
      "integrity": "sha1-7qrH/8DiAetjxGdEDStpx883eL8=",
      "dev": true
    },
    "karma-mocha-reporter": {
      "version": "2.2.3",
      "resolved": "https://registry.npmjs.org/karma-mocha-reporter/-/karma-mocha-reporter-2.2.3.tgz",
      "integrity": "sha1-BP3aRaHZaXpzhxx0ciI8WBcBqyA=",
      "dev": true
    },
    "karma-ng-html2js-preprocessor": {
      "version": "1.0.0",
      "resolved": "https://registry.npmjs.org/karma-ng-html2js-preprocessor/-/karma-ng-html2js-preprocessor-1.0.0.tgz",
      "integrity": "sha1-ENjIz6pBNvHIp22RpMvO7evsSjE=",
      "dev": true
    },
    "karma-ng-scenario": {
      "version": "1.0.0",
      "resolved": "https://registry.npmjs.org/karma-ng-scenario/-/karma-ng-scenario-1.0.0.tgz",
      "integrity": "sha1-AzFbJ+6Gb0BEPPiL/r95Y/hlQ+E=",
      "dev": true
    },
    "karma-sourcemap-loader": {
      "version": "0.3.7",
      "resolved": "https://registry.npmjs.org/karma-sourcemap-loader/-/karma-sourcemap-loader-0.3.7.tgz",
      "integrity": "sha1-kTIsd/jxPUb+0GKwQuEAnUxFBdg=",
      "dev": true
    },
    "karma-webpack": {
      "version": "1.8.1",
      "resolved": "https://registry.npmjs.org/karma-webpack/-/karma-webpack-1.8.1.tgz",
      "integrity": "sha1-OdX9Lt7qPMPvW0BZibN9Ww5qO04=",
      "dev": true,
      "dependencies": {
        "async": {
          "version": "0.9.2",
          "resolved": "https://registry.npmjs.org/async/-/async-0.9.2.tgz",
          "integrity": "sha1-rqdNXmHB+JlhO/ZL2mbUx48v0X0="
        },
        "loader-utils": {
          "version": "0.2.17",
          "resolved": "https://registry.npmjs.org/loader-utils/-/loader-utils-0.2.17.tgz",
          "integrity": "sha1-+G5jdNQyBabmxg6RlvF8Apm/s0g="
        },
        "lodash": {
          "version": "3.10.1",
          "resolved": "https://registry.npmjs.org/lodash/-/lodash-3.10.1.tgz",
          "integrity": "sha1-W/Rejkm6QYnhfUgnid/RW9FAt7Y="
        },
        "source-map": {
          "version": "0.1.43",
          "resolved": "https://registry.npmjs.org/source-map/-/source-map-0.1.43.tgz",
          "integrity": "sha1-wkvBRspRfBRx9drL4lcbK3+eM0Y="
        }
      }
    },
    "less": {
      "version": "2.7.2",
      "resolved": "https://registry.npmjs.org/less/-/less-2.7.2.tgz",
      "integrity": "sha1-No1sxz4fsDmBGDKAkYdDxdz5s98=",
      "dev": true
    },
    "less-loader": {
      "version": "2.2.3",
      "resolved": "https://registry.npmjs.org/less-loader/-/less-loader-2.2.3.tgz",
      "integrity": "sha1-ttj4E5yEk98J2ZKpOgBzSwj4RSg=",
      "dev": true,
      "dependencies": {
        "loader-utils": {
          "version": "0.2.17",
          "resolved": "https://registry.npmjs.org/loader-utils/-/loader-utils-0.2.17.tgz",
          "integrity": "sha1-+G5jdNQyBabmxg6RlvF8Apm/s0g="
        }
      }
    },
    "lodash": {
      "version": "4.17.4",
      "resolved": "https://registry.npmjs.org/lodash/-/lodash-4.17.4.tgz",
      "integrity": "sha1-eCA6TRwyiuHYbcpkYONptX9AVa4=",
      "dev": true
    },
    "minimist": {
      "version": "1.2.2",
      "resolved": "https://registry.npmjs.org/minimist/-/minimist-1.2.2.tgz",
      "integrity": "sha512-rIqbOrKb8GJmx/5bc2M0QchhUouMXSpd1RTclXsB41JdL+VtnojfaJR+h7F9k18/4kHUsBFgk80Uk+q569vjPA==",
      "dev": true
    },
    "mocha": {
      "version": "3.4.2",
      "resolved": "https://registry.npmjs.org/mocha/-/mocha-3.4.2.tgz",
      "integrity": "sha1-0O9NMyEm2/GNDWQMmzgt1IvpdZQ=",
      "dev": true,
      "dependencies": {
        "debug": {
          "version": "2.6.0",
          "resolved": "https://registry.npmjs.org/debug/-/debug-2.6.0.tgz",
          "integrity": "sha1-vFlryr52F/Edn6FTYe3tVgi4SZs="
        },
        "glob": {
          "version": "7.1.1",
          "resolved": "https://registry.npmjs.org/glob/-/glob-7.1.1.tgz",
          "integrity": "sha1-gFIR3wT6rxxjo2ADBs31reULLsg="
        },
        "ms": {
          "version": "0.7.2",
          "resolved": "https://registry.npmjs.org/ms/-/ms-0.7.2.tgz",
          "integrity": "sha1-riXPJRKziFodldfwN4aNhDESR2U="
        },
        "supports-color": {
          "version": "3.1.2",
          "resolved": "https://registry.npmjs.org/supports-color/-/supports-color-3.1.2.tgz",
          "integrity": "sha1-cqJiiU2dQIuVbKBf83su2KbiotU="
        }
      }
    },
    "mversion": {
      "version": "1.10.1",
      "resolved": "https://registry.npmjs.org/mversion/-/mversion-1.10.1.tgz",
      "integrity": "sha1-kyLRpPEfZnDeACTRgjoyphWj1A4=",
      "dev": true,
      "dependencies": {
        "ansi-regex": {
          "version": "0.2.1",
          "resolved": "https://registry.npmjs.org/ansi-regex/-/ansi-regex-0.2.1.tgz",
          "integrity": "sha1-DY6UaWej2BQ/k+JOKYUl/BsiNfk="
        },
        "ansi-styles": {
          "version": "1.1.0",
          "resolved": "https://registry.npmjs.org/ansi-styles/-/ansi-styles-1.1.0.tgz",
          "integrity": "sha1-6uy/Zs1waIJ2Cy9GkVgrj1XXp94="
        },
        "chalk": {
          "version": "0.5.1",
          "resolved": "https://registry.npmjs.org/chalk/-/chalk-0.5.1.tgz",
          "integrity": "sha1-Zjs6ZItotV0EaQ1JFnqoN4WPIXQ="
        },
        "has-ansi": {
          "version": "0.1.0",
          "resolved": "https://registry.npmjs.org/has-ansi/-/has-ansi-0.1.0.tgz",
          "integrity": "sha1-hPJlqujA5qiKEtcCKJS3VoiUxi4="
        },
        "minimatch": {
          "version": "1.0.0",
          "resolved": "https://registry.npmjs.org/minimatch/-/minimatch-1.0.0.tgz",
          "integrity": "sha1-4N0hILSeG3JM6NcUxSCCKpQ4V20="
        },
        "minimist": {
          "version": "0.2.0",
          "resolved": "https://registry.npmjs.org/minimist/-/minimist-0.2.0.tgz",
          "integrity": "sha1-Tf/lJdriuGTGbC4jxicdev3s784="
        },
        "strip-ansi": {
          "version": "0.3.0",
          "resolved": "https://registry.npmjs.org/strip-ansi/-/strip-ansi-0.3.0.tgz",
          "integrity": "sha1-JfSOoiynkYfzF0pNuHWTR7sSYiA="
        },
        "supports-color": {
          "version": "0.2.0",
          "resolved": "https://registry.npmjs.org/supports-color/-/supports-color-0.2.0.tgz",
          "integrity": "sha1-2S3iaU6z9nMjlz1649i1W0wiGQo="
        }
      }
    },
    "ng-annotate-webpack-plugin": {
      "version": "0.1.3",
      "resolved": "https://registry.npmjs.org/ng-annotate-webpack-plugin/-/ng-annotate-webpack-plugin-0.1.3.tgz",
      "integrity": "sha1-TbEGu+fCbHBympXmO+DU3tHWW3U=",
      "dev": true
    },
    "ng-file-upload": {
      "version": "12.2.13",
      "resolved": "https://registry.npmjs.org/ng-file-upload/-/ng-file-upload-12.2.13.tgz",
      "integrity": "sha1-AYAPOHLlJvlTEPhHfpnk8S0NjRQ=",
      "dev": true
    },
    "ngstorage": {
      "version": "0.3.11",
      "resolved": "https://registry.npmjs.org/ngstorage/-/ngstorage-0.3.11.tgz",
      "integrity": "sha1-FjfEW4ctkJ2cx+GLN0iY1QsuhE8=",
      "dev": true
    },
    "open": {
      "version": "0.0.5",
      "resolved": "https://registry.npmjs.org/open/-/open-0.0.5.tgz",
      "integrity": "sha1-QsPhjslUZra/DcQvOilFw/DK2Pw=",
      "dev": true
    },
    "open-sans-fontface": {
      "version": "1.4.0",
      "resolved": "https://registry.npmjs.org/open-sans-fontface/-/open-sans-fontface-1.4.0.tgz",
      "integrity": "sha1-A8xtG/XmqLW0eRCIhWL3IsXdNCg=",
      "dev": true
    },
    "protractor": {
      "version": "4.0.14",
      "resolved": "https://registry.npmjs.org/protractor/-/protractor-4.0.14.tgz",
      "integrity": "sha1-78Sod/rDoYKp3e0mzVhp9HYv0XI=",
      "dev": true,
      "dependencies": {
        "q": {
          "version": "1.4.1",
          "resolved": "https://registry.npmjs.org/q/-/q-1.4.1.tgz",
          "integrity": "sha1-VXBbzZPF82c1MMLCy8DCs63cKG4="
        },
        "semver": {
          "version": "5.3.0",
          "resolved": "https://registry.npmjs.org/semver/-/semver-5.3.0.tgz",
          "integrity": "sha1-myzl094C0XxgEq0yaqa00M9U+U8="
        },
        "webdriver-manager": {
          "version": "10.3.0",
          "resolved": "https://registry.npmjs.org/webdriver-manager/-/webdriver-manager-10.3.0.tgz",
          "integrity": "sha1-mTFFiKCx2+aIxEHXQojGyxh1+os="
        }
      }
    },
    "sinon": {
      "version": "1.17.7",
      "resolved": "https://registry.npmjs.org/sinon/-/sinon-1.17.7.tgz",
      "integrity": "sha1-RUKk9JugxFwF6y6d2dID4rjv4L8=",
      "dev": true
    },
    "sinon-chai": {
      "version": "2.11.0",
      "resolved": "https://registry.npmjs.org/sinon-chai/-/sinon-chai-2.11.0.tgz",
      "integrity": "sha512-3kbzpr2q8N+M4CWkcym349ifwkXorsbw2YyVpEIvB3AKC/ebrLHXj3DySt8epKGA49zJBSgn1OvWHZ+O+aR0dA==",
      "dev": true
    },
    "source-code-pro": {
      "version": "git+https://github.com/adobe-fonts/source-code-pro.git#7e2094d0e1536ddb87672e9cbaba6c34510fc274",
      "from": "git+https://github.com/adobe-fonts/source-code-pro.git#7e2094d0e1536ddb87672e9cbaba6c34510fc274",
      "dev": true
    },
    "spark-md5": {
      "version": "3.0.0",
      "resolved": "https://registry.npmjs.org/spark-md5/-/spark-md5-3.0.0.tgz",
      "integrity": "sha1-NyIifFTi+vJLHcbZM8wUTm9xv+8=",
      "dev": true
    },
    "style-loader": {
      "version": "0.13.2",
      "resolved": "https://registry.npmjs.org/style-loader/-/style-loader-0.13.2.tgz",
      "integrity": "sha1-dFMzhM9pjHEEx5URULSXF63C87s=",
      "dev": true
    },
    "svg-inline-loader": {
      "version": "0.7.1",
      "resolved": "https://registry.npmjs.org/svg-inline-loader/-/svg-inline-loader-0.7.1.tgz",
      "integrity": "sha1-bQ4nKLfsNBTCGAs/eAvD9xVO8iY=",
      "dev": true,
      "dependencies": {
        "loader-utils": {
          "version": "0.2.17",
          "resolved": "https://registry.npmjs.org/loader-utils/-/loader-utils-0.2.17.tgz",
          "integrity": "sha1-+G5jdNQyBabmxg6RlvF8Apm/s0g="
        }
      }
    },
    "sway": {
      "version": "1.0.0",
      "resolved": "https://registry.npmjs.org/sway/-/sway-1.0.0.tgz",
      "integrity": "sha1-No/8Dpa9hCJu0bmzPWa+V9oE8Jo=",
      "dev": true
    },
    "url-loader": {
      "version": "0.5.9",
      "resolved": "https://registry.npmjs.org/url-loader/-/url-loader-0.5.9.tgz",
      "integrity": "sha512-B7QYFyvv+fOBqBVeefsxv6koWWtjmHaMFT6KZWti4KRw8YUD/hOU+3AECvXuzyVawIBx3z7zQRejXCDSO5kk1Q==",
      "dev": true
    },
    "webpack": {
      "version": "1.15.0",
      "resolved": "https://registry.npmjs.org/webpack/-/webpack-1.15.0.tgz",
      "integrity": "sha1-T/MfU9sDM55VFkqdRo7gMklo/pg=",
      "dev": true,
      "dependencies": {
        "acorn": {
          "version": "3.3.0",
          "resolved": "https://registry.npmjs.org/acorn/-/acorn-3.3.0.tgz",
          "integrity": "sha1-ReN/s56No/JbruP/U2niu18iAXo="
        },
        "loader-utils": {
          "version": "0.2.17",
          "resolved": "https://registry.npmjs.org/loader-utils/-/loader-utils-0.2.17.tgz",
          "integrity": "sha1-+G5jdNQyBabmxg6RlvF8Apm/s0g="
        },
        "memory-fs": {
          "version": "0.3.0",
          "resolved": "https://registry.npmjs.org/memory-fs/-/memory-fs-0.3.0.tgz",
          "integrity": "sha1-e8xrYp46Q+hx1+Kaymrop/FcuyA="
        },
        "supports-color": {
          "version": "3.2.3",
          "resolved": "https://registry.npmjs.org/supports-color/-/supports-color-3.2.3.tgz",
          "integrity": "sha1-ZawFBLOVQXHYpklGsq48u4pfVPY="
        },
        "uglify-js": {
          "version": "2.7.5",
          "resolved": "https://registry.npmjs.org/uglify-js/-/uglify-js-2.7.5.tgz",
          "integrity": "sha1-RhLAx7qu4rp8SH3kkErhIgefLKg=",
          "dependencies": {
            "async": {
              "version": "0.2.10",
              "resolved": "https://registry.npmjs.org/async/-/async-0.2.10.tgz",
              "integrity": "sha1-trvgsGdLnXGXCMo43owjfLUmw9E="
            }
          }
        }
      }
    },
    "webpack-dev-server": {
      "version": "1.16.5",
      "resolved": "https://registry.npmjs.org/webpack-dev-server/-/webpack-dev-server-1.16.5.tgz",
      "integrity": "sha1-DL1fLSrI1OWTqs1clwLnu9XlmJI=",
      "dev": true,
      "dependencies": {
        "supports-color": {
          "version": "3.2.3",
          "resolved": "https://registry.npmjs.org/supports-color/-/supports-color-3.2.3.tgz",
          "integrity": "sha1-ZawFBLOVQXHYpklGsq48u4pfVPY="
        }
      }
    },
    "worker-loader": {
      "version": "0.7.1",
      "resolved": "https://registry.npmjs.org/worker-loader/-/worker-loader-0.7.1.tgz",
      "integrity": "sha1-kf/S4vv3aSGkPoyjdm0S6VN/XXA=",
      "dev": true,
      "dependencies": {
        "loader-utils": {
          "version": "0.2.17",
          "resolved": "https://registry.npmjs.org/loader-utils/-/loader-utils-0.2.17.tgz",
          "integrity": "sha1-+G5jdNQyBabmxg6RlvF8Apm/s0g="
        }
      }
    },
    "yaml-js": {
      "version": "0.1.5",
      "resolved": "https://registry.npmjs.org/yaml-js/-/yaml-js-0.1.5.tgz",
      "integrity": "sha1-oBNpAQs1WNiq7SOUYV39B4D9j6w=",
      "dev": true
    }
  }
}
